
Microsoft Visual Studio Solution File, Format Version 11.00
# Visual Studio 2010
Project("{002A2DE9-8BB6-484D-9802-7E4AD4084715}") = "dmdscript", "dmdscript\dmdscript.visualdproj", "{60630B4F-8889-4200-B24E-6E5BCA4974D5}"
EndProject
Project("{002A2DE9-8BB6-484D-9802-7E4AD4084715}") = "ds", "ds.visualdproj", "{511BD615-D3E7-48FE-B181-B8EB7234CFF4}"
	ProjectSection(ProjectDependencies) = postProject
		{60630B4F-8889-4200-B24E-6E5BCA4974D5} = {60630B4F-8889-4200-B24E-6E5BCA4974D5}
	EndProjectSection
EndProject
Project("{002A2DE9-8BB6-484D-9802-7E4AD4084715}") = "textgen", "textgen.visualdproj", "{82E4B26D-EC8F-40BE-808E-B829942B6D4F}"
EndProject
Project("{002A2DE9-8BB6-484D-9802-7E4AD4084715}") = "ext", "extending.visualdproj", "{0A850BEE-7A6C-43C7-90B8-A8E5A503044A}"
	ProjectSection(ProjectDependencies) = postProject
		{60630B4F-8889-4200-B24E-6E5BCA4974D5} = {60630B4F-8889-4200-B24E-6E5BCA4974D5}
	EndProjectSection
EndProject
Global
	GlobalSection(SolutionConfigurationPlatforms) = preSolution
		Debug|Win32 = Debug|Win32
		Release|Win32 = Release|Win32
	EndGlobalSection
	GlobalSection(ProjectConfigurationPlatforms) = postSolution
		{60630B4F-8889-4200-B24E-6E5BCA4974D5}.Debug|Win32.ActiveCfg = Debug|Win32
		{60630B4F-8889-4200-B24E-6E5BCA4974D5}.Debug|Win32.Build.0 = Debug|Win32
		{60630B4F-8889-4200-B24E-6E5BCA4974D5}.Release|Win32.ActiveCfg = Release|Win32
		{60630B4F-8889-4200-B24E-6E5BCA4974D5}.Release|Win32.Build.0 = Release|Win32
		{511BD615-D3E7-48FE-B181-B8EB7234CFF4}.Debug|Win32.ActiveCfg = Debug|Win32
		{511BD615-D3E7-48FE-B181-B8EB7234CFF4}.Debug|Win32.Build.0 = Debug|Win32
		{511BD615-D3E7-48FE-B181-B8EB7234CFF4}.Release|Win32.ActiveCfg = Release|Win32
		{511BD615-D3E7-48FE-B181-B8EB7234CFF4}.Release|Win32.Build.0 = Release|Win32
		{82E4B26D-EC8F-40BE-808E-B829942B6D4F}.Debug|Win32.ActiveCfg = Debug|Win32
		{82E4B26D-EC8F-40BE-808E-B829942B6D4F}.Debug|Win32.Build.0 = Debug|Win32
		{82E4B26D-EC8F-40BE-808E-B829942B6D4F}.Release|Win32.ActiveCfg = Release|Win32
		{82E4B26D-EC8F-40BE-808E-B829942B6D4F}.Release|Win32.Build.0 = Release|Win32
		{0A850BEE-7A6C-43C7-90B8-A8E5A503044A}.Debug|Win32.ActiveCfg = Debug|Win32
		{0A850BEE-7A6C-43C7-90B8-A8E5A503044A}.Debug|Win32.Build.0 = Debug|Win32
		{0A850BEE-7A6C-43C7-90B8-A8E5A503044A}.Release|Win32.ActiveCfg = Release|Win32
		{0A850BEE-7A6C-43C7-90B8-A8E5A503044A}.Release|Win32.Build.0 = Release|Win32
	EndGlobalSection
	GlobalSection(SolutionProperties) = preSolution
		HideSolutionNode = FALSE
	EndGlobalSection
	GlobalSection(ExtensibilityGlobals) = postSolution
		AMDCaProjectFile = D:\dmdscript-2\trunk\CodeAnalyst\dmdscript.caw
		AMDCaPersistentStartup = dmdscript
		AMDCaPersistentConfig = Release|Win32
	EndGlobalSection
EndGlobal
